{
  "name": "typings-issue-example",
  "version": "1.0.0",
  "lockfileVersion": 1,
  "requires": true,
  "dependencies": {
    "asker": {
      "version": "2.0.0",
      "resolved": "https://registry.npmjs.org/asker/-/asker-2.0.0.tgz",
      "integrity": "sha512-7mtL1KiQnHzSWjZp1Ljgoo3odYKYuApVqYfXFPpfXSFvdxz8cQkD5AMdlu7EaPJw45J1KUot3Ul12ByqlgjCXg==",
      "requires": {
        "asker-advanced-agent": "^0.1.0",
        "contimer": "^1.0.1",
        "object-assign": "^4.0.1",
        "retry": "^0.8.0",
        "terror": "^1.0.0",
        "unzip-response": "^1.0.0"
      }
    },
    "asker-advanced-agent": {
      "version": "0.1.1",
      "resolved": "https://registry.npmjs.org/asker-advanced-agent/-/asker-advanced-agent-0.1.1.tgz",
      "integrity": "sha512-Hnnu9hYU88NtDP3+fVVRN+DI3HmNxD4rVY0R/qw+fnXUq7AtysQLBm8nf5KHapUSX/4a5xeOSkWF4wEFI0LNgA=="
    },
    "contimer": {
      "version": "1.0.1",
      "resolved": "https://registry.npmjs.org/contimer/-/contimer-1.0.1.tgz",
      "integrity": "sha1-ORTO73fJIma8Sy670Ykr6PIV3YA="
    },
    "object-assign": {
      "version": "4.1.1",
      "resolved": "https://registry.npmjs.org/object-assign/-/object-assign-4.1.1.tgz",
      "integrity": "sha1-IQmtx5ZYh8/AXLvUQsrIv7s2CGM="
    },
    "retry": {
      "version": "0.8.0",
      "resolved": "https://registry.npmjs.org/retry/-/retry-0.8.0.tgz",
      "integrity": "sha1-I2dijcDtskex6rZJ3FOshiisLV8="
    },
    "terror": {
      "version": "1.4.0",
      "resolved": "https://registry.npmjs.org/terror/-/terror-1.4.0.tgz",
      "integrity": "sha512-89gIeSxJMj1TrlF1u9PrqmO3UcB9atma5Ne1i82zUvhuKri4Kr+8xzamo5M4zSkHgDOfLlwNdbtykta5wLiBwQ=="
    },
    "typescript": {
      "version": "3.4.1",
      "resolved": "https://registry.npmjs.org/typescript/-/typescript-3.4.1.tgz",
      "integrity": "sha512-3NSMb2VzDQm8oBTLH6Nj55VVtUEpe/rgkIzMir0qVoLyjDZlnMBva0U6vDiV3IH+sl/Yu6oP5QwsAQtHPmDd2Q==",
      "dev": true
    },
    "unzip-response": {
      "version": "1.0.2",
      "resolved": "https://registry.npmjs.org/unzip-response/-/unzip-response-1.0.2.tgz",
      "integrity": "sha1-uYTwh3/AqJwsdzzB73tbIytbBv4="
    }
  }
}
